
Microsoft Visual Studio Solution File, Format Version 12.00
# Visual Studio Version 16
VisualStudioVersion = 16.0.30011.22
MinimumVisualStudioVersion = 10.0.40219.1
Project("{FAE04EC0-301F-11D3-BF4B-00C04F79EFBC}") = "TaskManager.TelegramServerApp", "TaskManager.TelegramServerApp\TaskManager.TelegramServerApp.csproj", "{8F839F5E-FCC5-4DDD-9017-74B304E67998}"
EndProject
Global
	GlobalSection(SolutionConfigurationPlatforms) = preSolution
		Debug|Any CPU = Debug|Any CPU
		Release|Any CPU = Release|Any CPU
	EndGlobalSection
	GlobalSection(ProjectConfigurationPlatforms) = postSolution
		{8F839F5E-FCC5-4DDD-9017-74B304E67998}.Debug|Any CPU.ActiveCfg = Debug|Any CPU
		{8F839F5E-FCC5-4DDD-9017-74B304E67998}.Debug|Any CPU.Build.0 = Debug|Any CPU
		{8F839F5E-FCC5-4DDD-9017-74B304E67998}.Release|Any CPU.ActiveCfg = Release|Any CPU
		{8F839F5E-FCC5-4DDD-9017-74B304E67998}.Release|Any CPU.Build.0 = Release|Any CPU
	EndGlobalSection
	GlobalSection(SolutionProperties) = preSolution
		HideSolutionNode = FALSE
	EndGlobalSection
	GlobalSection(ExtensibilityGlobals) = postSolution
		SolutionGuid = {DBF77139-DB2E-4ED3-9B9E-6BA3AB5B5954}
	EndGlobalSection
EndGlobal
